
Microsoft Visual Studio Solution File, Format Version 12.00
# Visual Studio Version 17
VisualStudioVersion = 17.9.34902.65
MinimumVisualStudioVersion = 10.0.40219.1
Project("{E24C65DC-7377-472B-9ABA-BC803B73C61A}") = "Festinger", "D:\source\Festinger\Festinger\", "{14E85EF1-00DD-46FD-A186-FCF06B4D5361}"
	ProjectSection(WebsiteProperties) = preProject
		TargetFrameworkMoniker = ".NETFramework,Version%3Dv4.8"
		Debug.AspNetCompiler.VirtualPath = "/localhost_48262"
		Debug.AspNetCompiler.PhysicalPath = "D:\source\Festinger\Festinger\"
		Debug.AspNetCompiler.TargetPath = "PrecompiledWeb\localhost_48262\"
		Debug.AspNetCompiler.Updateable = "true"
		Debug.AspNetCompiler.ForceOverwrite = "true"
		Debug.AspNetCompiler.FixedNames = "false"
		Debug.AspNetCompiler.Debug = "True"
		Release.AspNetCompiler.VirtualPath = "/localhost_48262"
		Release.AspNetCompiler.PhysicalPath = "D:\source\Festinger\Festinger\"
		Release.AspNetCompiler.TargetPath = "PrecompiledWeb\localhost_48262\"
		Release.AspNetCompiler.Updateable = "true"
		Release.AspNetCompiler.ForceOverwrite = "true"
		Release.AspNetCompiler.FixedNames = "false"
		Release.AspNetCompiler.Debug = "False"
		VWDPort = "48262"
		SlnRelativePath = "D:\source\Festinger\Festinger\"
	EndProjectSection
EndProject
Global
	GlobalSection(SolutionConfigurationPlatforms) = preSolution
		Debug|Any CPU = Debug|Any CPU
	EndGlobalSection
	GlobalSection(ProjectConfigurationPlatforms) = postSolution
		{14E85EF1-00DD-46FD-A186-FCF06B4D5361}.Debug|Any CPU.ActiveCfg = Debug|Any CPU
		{14E85EF1-00DD-46FD-A186-FCF06B4D5361}.Debug|Any CPU.Build.0 = Debug|Any CPU
	EndGlobalSection
	GlobalSection(SolutionProperties) = preSolution
		HideSolutionNode = FALSE
	EndGlobalSection
	GlobalSection(ExtensibilityGlobals) = postSolution
		SolutionGuid = {D6C69CFA-F143-4598-BFE2-A167B362C6DE}
	EndGlobalSection
EndGlobal
